
Microsoft Visual Studio Solution File, Format Version 12.00
# Visual Studio 15
VisualStudioVersion = 15.0.27703.2000
MinimumVisualStudioVersion = 10.0.40219.1
Project("{FAE04EC0-301F-11D3-BF4B-00C04F79EFBC}") = "ExampleConsoleApp", "ExampleConsoleApp\ExampleConsoleApp.csproj", "{0E2A90D2-EC86-4DFC-A05A-5829C95E59F7}"
EndProject
Global
	GlobalSection(SolutionConfigurationPlatforms) = preSolution
		Debug|Any CPU = Debug|Any CPU
		Release|Any CPU = Release|Any CPU
	EndGlobalSection
	GlobalSection(ProjectConfigurationPlatforms) = postSolution
		{0E2A90D2-EC86-4DFC-A05A-5829C95E59F7}.Debug|Any CPU.ActiveCfg = Debug|Any CPU
		{0E2A90D2-EC86-4DFC-A05A-5829C95E59F7}.Debug|Any CPU.Build.0 = Debug|Any CPU
		{0E2A90D2-EC86-4DFC-A05A-5829C95E59F7}.Release|Any CPU.ActiveCfg = Release|Any CPU
		{0E2A90D2-EC86-4DFC-A05A-5829C95E59F7}.Release|Any CPU.Build.0 = Release|Any CPU
	EndGlobalSection
	GlobalSection(SolutionProperties) = preSolution
		HideSolutionNode = FALSE
	EndGlobalSection
	GlobalSection(ExtensibilityGlobals) = postSolution
		SolutionGuid = {32BD24E7-42F6-4E7A-80B5-CF8A2FEB1496}
	EndGlobalSection
EndGlobal
